{
  "requires": true,
  "lockfileVersion": 1,
  "dependencies": {
    "tablednd": {
      "version": "1.0.5",
      "resolved": "https://registry.npmjs.org/tablednd/-/tablednd-1.0.5.tgz",
      "integrity": "sha512-iC230jusaekjzzAy0jigZLbzb7jKKnW9xiNiZ4W17p7y8AvBYf5KunyrIE3HwL1FhL2VEeogZtjP5VeBeIW4xg=="
    }
  }
}
